
Microsoft Visual Studio Solution File, Format Version 12.00
# Visual Studio 2012
Project("{FAE04EC0-301F-11D3-BF4B-00C04F79EFBC}") = "Gamegato.GoldRush.Server", "Gamegato.GoldRush.Server\Gamegato.GoldRush.Server.csproj", "{34166409-0560-476A-B107-4876342062C4}"
EndProject
Project("{FAE04EC0-301F-11D3-BF4B-00C04F79EFBC}") = "Gamegato.GoldRush.Server.Tests", "Gamegato.GoldRush.Server.Tests\Gamegato.GoldRush.Server.Tests.csproj", "{803D3C67-3687-4906-AF12-782B2BBB5F65}"
EndProject
Global
	GlobalSection(SolutionConfigurationPlatforms) = preSolution
		Debug|Any CPU = Debug|Any CPU
		Release|Any CPU = Release|Any CPU
	EndGlobalSection
	GlobalSection(ProjectConfigurationPlatforms) = postSolution
		{34166409-0560-476A-B107-4876342062C4}.Debug|Any CPU.ActiveCfg = Debug|Any CPU
		{34166409-0560-476A-B107-4876342062C4}.Debug|Any CPU.Build.0 = Debug|Any CPU
		{34166409-0560-476A-B107-4876342062C4}.Release|Any CPU.ActiveCfg = Release|Any CPU
		{34166409-0560-476A-B107-4876342062C4}.Release|Any CPU.Build.0 = Release|Any CPU
		{803D3C67-3687-4906-AF12-782B2BBB5F65}.Debug|Any CPU.ActiveCfg = Debug|Any CPU
		{803D3C67-3687-4906-AF12-782B2BBB5F65}.Debug|Any CPU.Build.0 = Debug|Any CPU
		{803D3C67-3687-4906-AF12-782B2BBB5F65}.Release|Any CPU.ActiveCfg = Release|Any CPU
		{803D3C67-3687-4906-AF12-782B2BBB5F65}.Release|Any CPU.Build.0 = Release|Any CPU
	EndGlobalSection
	GlobalSection(SolutionProperties) = preSolution
		HideSolutionNode = FALSE
	EndGlobalSection
EndGlobal
